
Microsoft Visual Studio Solution File, Format Version 12.00
# Visual Studio Version 17
VisualStudioVersion = 17.0.31903.59
MinimumVisualStudioVersion = 10.0.40219.1
Project("{9A19103F-16F7-4668-BE54-9A1E7A4F7556}") = "Gateway", "Gateway\Gateway.csproj", "{550ECA73-CA85-45D0-9C3E-52751F3E1C25}"
EndProject
Project("{FAE04EC0-301F-11D3-BF4B-00C04F79EFBC}") = "Gateway.AppHost", "Gateway.AppHost\Gateway.AppHost.csproj", "{329E5E33-E765-4422-9FD8-38EB568FAFC1}"
EndProject
Project("{FAE04EC0-301F-11D3-BF4B-00C04F79EFBC}") = "Gateway.UnitTests", "Gateway.UnitTests\Gateway.UnitTests.csproj", "{C7166449-4D33-49BD-8157-245538BF8CEC}"
EndProject
Global
	GlobalSection(SolutionConfigurationPlatforms) = preSolution
		Debug|Any CPU = Debug|Any CPU
		Release|Any CPU = Release|Any CPU
	EndGlobalSection
	GlobalSection(ProjectConfigurationPlatforms) = postSolution
		{550ECA73-CA85-45D0-9C3E-52751F3E1C25}.Debug|Any CPU.ActiveCfg = Debug|Any CPU
		{550ECA73-CA85-45D0-9C3E-52751F3E1C25}.Debug|Any CPU.Build.0 = Debug|Any CPU
		{550ECA73-CA85-45D0-9C3E-52751F3E1C25}.Release|Any CPU.ActiveCfg = Release|Any CPU
		{550ECA73-CA85-45D0-9C3E-52751F3E1C25}.Release|Any CPU.Build.0 = Release|Any CPU
		{329E5E33-E765-4422-9FD8-38EB568FAFC1}.Debug|Any CPU.ActiveCfg = Debug|Any CPU
		{329E5E33-E765-4422-9FD8-38EB568FAFC1}.Debug|Any CPU.Build.0 = Debug|Any CPU
		{329E5E33-E765-4422-9FD8-38EB568FAFC1}.Release|Any CPU.ActiveCfg = Release|Any CPU
		{329E5E33-E765-4422-9FD8-38EB568FAFC1}.Release|Any CPU.Build.0 = Release|Any CPU
		{C7166449-4D33-49BD-8157-245538BF8CEC}.Debug|Any CPU.ActiveCfg = Debug|Any CPU
		{C7166449-4D33-49BD-8157-245538BF8CEC}.Debug|Any CPU.Build.0 = Debug|Any CPU
		{C7166449-4D33-49BD-8157-245538BF8CEC}.Release|Any CPU.ActiveCfg = Release|Any CPU
		{C7166449-4D33-49BD-8157-245538BF8CEC}.Release|Any CPU.Build.0 = Release|Any CPU
	EndGlobalSection
	GlobalSection(SolutionProperties) = preSolution
		HideSolutionNode = FALSE
	EndGlobalSection
	GlobalSection(ExtensibilityGlobals) = postSolution
		SolutionGuid = {5A2806DE-7747-4712-B65F-78F9587BF4F5}
	EndGlobalSection
EndGlobal
